// !$*UTF8*$!
{
	archiveVersion = 1;
	classes = {
	};
	objectVersion = 50;
	objects = {

/* Begin PBXBuildFile section */
		373E47FE21CB99AD00922343 /* HeaderTableViewCell.swift in Sources */ = {isa = PBXBuildFile; fileRef = 373E47FD21CB99AD00922343 /* HeaderTableViewCell.swift */; };
		3748602121D0A8F400C922E7 /* ViewLogoVC.swift in Sources */ = {isa = PBXBuildFile; fileRef = 3748602021D0A8F400C922E7 /* ViewLogoVC.swift */; };
		3748602321D0E78400C922E7 /* CompanyDataVC.swift in Sources */ = {isa = PBXBuildFile; fileRef = 3748602221D0E78400C922E7 /* CompanyDataVC.swift */; };
		3748602521D0F5BC00C922E7 /* BottonView.swift in Sources */ = {isa = PBXBuildFile; fileRef = 3748602421D0F5BC00C922E7 /* BottonView.swift */; };
		379ED5CA21C9FEE800122987 /* AppDelegate.swift in Sources */ = {isa = PBXBuildFile; fileRef = 379ED5C921C9FEE800122987 /* AppDelegate.swift */; };
		379ED5CC21C9FEE800122987 /*  MainVC.swift in Sources */ = {isa = PBXBuildFile; fileRef = 379ED5CB21C9FEE800122987 /*  MainVC.swift */; };
		379ED5CF21C9FEE800122987 /* Main.storyboard in Resources */ = {isa = PBXBuildFile; fileRef = 379ED5CD21C9FEE800122987 /* Main.storyboard */; };
		379ED5D121C9FEEA00122987 /* Assets.xcassets in Resources */ = {isa = PBXBuildFile; fileRef = 379ED5D021C9FEEA00122987 /* Assets.xcassets */; };
		379ED5D421C9FEEA00122987 /* LaunchScreen.storyboard in Resources */ = {isa = PBXBuildFile; fileRef = 379ED5D221C9FEEA00122987 /* LaunchScreen.storyboard */; };
		379ED5DF21C9FEEA00122987 /* AlamofireAndGlossTests.swift in Sources */ = {isa = PBXBuildFile; fileRef = 379ED5DE21C9FEEA00122987 /* AlamofireAndGlossTests.swift */; };
		379ED5EA21C9FEEA00122987 /* AlamofireAndGlossUITests.swift in Sources */ = {isa = PBXBuildFile; fileRef = 379ED5E921C9FEEA00122987 /* AlamofireAndGlossUITests.swift */; };
		379ED5F821CA034800122987 /* Company.swift in Sources */ = {isa = PBXBuildFile; fileRef = 379ED5F721CA034700122987 /* Company.swift */; };
		379ED5FA21CA036F00122987 /* Geolocation.swift in Sources */ = {isa = PBXBuildFile; fileRef = 379ED5F921CA036F00122987 /* Geolocation.swift */; };
		379ED5FC21CA03C700122987 /* NetworkingService.swift in Sources */ = {isa = PBXBuildFile; fileRef = 379ED5FB21CA03C700122987 /* NetworkingService.swift */; };
		379ED5FE21CA0FD900122987 /* CompanyDetailVC.swift in Sources */ = {isa = PBXBuildFile; fileRef = 379ED5FD21CA0FD900122987 /* CompanyDetailVC.swift */; };
		37FE419C21CCDE3E00962019 /* TableViewCell.swift in Sources */ = {isa = PBXBuildFile; fileRef = 37FE419B21CCDE3E00962019 /* TableViewCell.swift */; };
		4FEFA5C63A731A9F96912D43 /* Pods_AlamofireAndGlossUITests.framework in Frameworks */ = {isa = PBXBuildFile; fileRef = 6A13E1B36766E8595B760A55 /* Pods_AlamofireAndGlossUITests.framework */; };
		553348F108117F3AAB5024E1 /* Pods_AlamofireAndGloss.framework in Frameworks */ = {isa = PBXBuildFile; fileRef = 1386A344624F40C391AE3A26 /* Pods_AlamofireAndGloss.framework */; };
		62F297461ACB6C29836D8772 /* Pods_AlamofireAndGlossTests.framework in Frameworks */ = {isa = PBXBuildFile; fileRef = A60178604255E8BA323FBB8F /* Pods_AlamofireAndGlossTests.framework */; };
/* End PBXBuildFile section */

/* Begin PBXContainerItemProxy section */
		379ED5DB21C9FEEA00122987 /* PBXContainerItemProxy */ = {
			isa = PBXContainerItemProxy;
			containerPortal = 379ED5BE21C9FEE800122987 /* Project object */;
			proxyType = 1;
			remoteGlobalIDString = 379ED5C521C9FEE800122987;
			remoteInfo = AlamofireAndGloss;
		};
		379ED5E621C9FEEA00122987 /* PBXContainerItemProxy */ = {
			isa = PBXContainerItemProxy;
			containerPortal = 379ED5BE21C9FEE800122987 /* Project object */;
			proxyType = 1;
			remoteGlobalIDString = 379ED5C521C9FEE800122987;
			remoteInfo = AlamofireAndGloss;
		};
/* End PBXContainerItemProxy section */

/* Begin PBXFileReference section */
		1386A344624F40C391AE3A26 /* Pods_AlamofireAndGloss.framework */ = {isa = PBXFileReference; explicitFileType = wrapper.framework; includeInIndex = 0; path = Pods_AlamofireAndGloss.framework; sourceTree = BUILT_PRODUCTS_DIR; };
		373E47FD21CB99AD00922343 /* HeaderTableViewCell.swift */ = {isa = PBXFileReference; lastKnownFileType = sourcecode.swift; path = HeaderTableViewCell.swift; sourceTree = "<group>"; };
		3748602021D0A8F400C922E7 /* ViewLogoVC.swift */ = {isa = PBXFileReference; lastKnownFileType = sourcecode.swift; path = ViewLogoVC.swift; sourceTree = "<group>"; };
		3748602221D0E78400C922E7 /* CompanyDataVC.swift */ = {isa = PBXFileReference; lastKnownFileType = sourcecode.swift; path = CompanyDataVC.swift; sourceTree = "<group>"; };
		3748602421D0F5BC00C922E7 /* BottonView.swift */ = {isa = PBXFileReference; lastKnownFileType = sourcecode.swift; path = BottonView.swift; sourceTree = "<group>"; };
		379ED5C621C9FEE800122987 /* AlamofireAndGloss.app */ = {isa = PBXFileReference; explicitFileType = wrapper.application; includeInIndex = 0; path = AlamofireAndGloss.app; sourceTree = BUILT_PRODUCTS_DIR; };
		379ED5C921C9FEE800122987 /* AppDelegate.swift */ = {isa = PBXFileReference; lastKnownFileType = sourcecode.swift; path = AppDelegate.swift; sourceTree = "<group>"; };
		379ED5CB21C9FEE800122987 /*  MainVC.swift */ = {isa = PBXFileReference; lastKnownFileType = sourcecode.swift; path = " MainVC.swift"; sourceTree = "<group>"; };
		379ED5CE21C9FEE800122987 /* Base */ = {isa = PBXFileReference; lastKnownFileType = file.storyboard; name = Base; path = Base.lproj/Main.storyboard; sourceTree = "<group>"; };
		379ED5D021C9FEEA00122987 /* Assets.xcassets */ = {isa = PBXFileReference; lastKnownFileType = folder.assetcatalog; path = Assets.xcassets; sourceTree = "<group>"; };
		379ED5D321C9FEEA00122987 /* Base */ = {isa = PBXFileReference; lastKnownFileType = file.storyboard; name = Base; path = Base.lproj/LaunchScreen.storyboard; sourceTree = "<group>"; };
		379ED5D521C9FEEA00122987 /* Info.plist */ = {isa = PBXFileReference; lastKnownFileType = text.plist.xml; path = Info.plist; sourceTree = "<group>"; };
		379ED5DA21C9FEEA00122987 /* AlamofireAndGlossTests.xctest */ = {isa = PBXFileReference; explicitFileType = wrapper.cfbundle; includeInIndex = 0; path = AlamofireAndGlossTests.xctest; sourceTree = BUILT_PRODUCTS_DIR; };
		379ED5DE21C9FEEA00122987 /* AlamofireAndGlossTests.swift */ = {isa = PBXFileReference; lastKnownFileType = sourcecode.swift; path = AlamofireAndGlossTests.swift; sourceTree = "<group>"; };
		379ED5E021C9FEEA00122987 /* Info.plist */ = {isa = PBXFileReference; lastKnownFileType = text.plist.xml; path = Info.plist; sourceTree = "<group>"; };
		379ED5E521C9FEEA00122987 /* AlamofireAndGlossUITests.xctest */ = {isa = PBXFileReference; explicitFileType = wrapper.cfbundle; includeInIndex = 0; path = AlamofireAndGlossUITests.xctest; sourceTree = BUILT_PRODUCTS_DIR; };
		379ED5E921C9FEEA00122987 /* AlamofireAndGlossUITests.swift */ = {isa = PBXFileReference; lastKnownFileType = sourcecode.swift; path = AlamofireAndGlossUITests.swift; sourceTree = "<group>"; };
		379ED5EB21C9FEEA00122987 /* Info.plist */ = {isa = PBXFileReference; lastKnownFileType = text.plist.xml; path = Info.plist; sourceTree = "<group>"; };
		379ED5F721CA034700122987 /* Company.swift */ = {isa = PBXFileReference; lastKnownFileType = sourcecode.swift; path = Company.swift; sourceTree = "<group>"; };
		379ED5F921CA036F00122987 /* Geolocation.swift */ = {isa = PBXFileReference; lastKnownFileType = sourcecode.swift; path = Geolocation.swift; sourceTree = "<group>"; };
		379ED5FB21CA03C700122987 /* NetworkingService.swift */ = {isa = PBXFileReference; lastKnownFileType = sourcecode.swift; path = NetworkingService.swift; sourceTree = "<group>"; };
		379ED5FD21CA0FD900122987 /* CompanyDetailVC.swift */ = {isa = PBXFileReference; lastKnownFileType = sourcecode.swift; path = CompanyDetailVC.swift; sourceTree = "<group>"; };
		37FE419B21CCDE3E00962019 /* TableViewCell.swift */ = {isa = PBXFileReference; lastKnownFileType = sourcecode.swift; path = TableViewCell.swift; sourceTree = "<group>"; };
		4342D04E4DEA5E0CB17FD8C0 /* Pods-AlamofireAndGloss.release.xcconfig */ = {isa = PBXFileReference; includeInIndex = 1; lastKnownFileType = text.xcconfig; name = "Pods-AlamofireAndGloss.release.xcconfig"; path = "Pods/Target Support Files/Pods-AlamofireAndGloss/Pods-AlamofireAndGloss.release.xcconfig"; sourceTree = "<group>"; };
		6A13E1B36766E8595B760A55 /* Pods_AlamofireAndGlossUITests.framework */ = {isa = PBXFileReference; explicitFileType = wrapper.framework; includeInIndex = 0; path = Pods_AlamofireAndGlossUITests.framework; sourceTree = BUILT_PRODUCTS_DIR; };
		93F7D16521DA449FA6ED93E6 /* Pods-AlamofireAndGloss.debug.xcconfig */ = {isa = PBXFileReference; includeInIndex = 1; lastKnownFileType = text.xcconfig; name = "Pods-AlamofireAndGloss.debug.xcconfig"; path = "Pods/Target Support Files/Pods-AlamofireAndGloss/Pods-AlamofireAndGloss.debug.xcconfig"; sourceTree = "<group>"; };
		A60178604255E8BA323FBB8F /* Pods_AlamofireAndGlossTests.framework */ = {isa = PBXFileReference; explicitFileType = wrapper.framework; includeInIndex = 0; path = Pods_AlamofireAndGlossTests.framework; sourceTree = BUILT_PRODUCTS_DIR; };
		D6F304EC6E061202DEAA84F1 /* Pods-AlamofireAndGlossUITests.release.xcconfig */ = {isa = PBXFileReference; includeInIndex = 1; lastKnownFileType = text.xcconfig; name = "Pods-AlamofireAndGlossUITests.release.xcconfig"; path = "Pods/Target Support Files/Pods-AlamofireAndGlossUITests/Pods-AlamofireAndGlossUITests.release.xcconfig"; sourceTree = "<group>"; };
		DC67CCD7E47D50960271ADA4 /* Pods-AlamofireAndGlossTests.debug.xcconfig */ = {isa = PBXFileReference; includeInIndex = 1; lastKnownFileType = text.xcconfig; name = "Pods-AlamofireAndGlossTests.debug.xcconfig"; path = "Pods/Target Support Files/Pods-AlamofireAndGlossTests/Pods-AlamofireAndGlossTests.debug.xcconfig"; sourceTree = "<group>"; };
		E033EB337FCA0F7DBD8C1E72 /* Pods-AlamofireAndGlossUITests.debug.xcconfig */ = {isa = PBXFileReference; includeInIndex = 1; lastKnownFileType = text.xcconfig; name = "Pods-AlamofireAndGlossUITests.debug.xcconfig"; path = "Pods/Target Support Files/Pods-AlamofireAndGlossUITests/Pods-AlamofireAndGlossUITests.debug.xcconfig"; sourceTree = "<group>"; };
		F89DFB5BCC59D20B50339CA0 /* Pods-AlamofireAndGlossTests.release.xcconfig */ = {isa = PBXFileReference; includeInIndex = 1; lastKnownFileType = text.xcconfig; name = "Pods-AlamofireAndGlossTests.release.xcconfig"; path = "Pods/Target Support Files/Pods-AlamofireAndGlossTests/Pods-AlamofireAndGlossTests.release.xcconfig"; sourceTree = "<group>"; };
/* End PBXFileReference section */

/* Begin PBXFrameworksBuildPhase section */
		379ED5C321C9FEE800122987 /* Frameworks */ = {
			isa = PBXFrameworksBuildPhase;
			buildActionMask = 2147483647;
			files = (
				553348F108117F3AAB5024E1 /* Pods_AlamofireAndGloss.framework in Frameworks */,
			);
			runOnlyForDeploymentPostprocessing = 0;
		};
		379ED5D721C9FEEA00122987 /* Frameworks */ = {
			isa = PBXFrameworksBuildPhase;
			buildActionMask = 2147483647;
			files = (
				62F297461ACB6C29836D8772 /* Pods_AlamofireAndGlossTests.framework in Frameworks */,
			);
			runOnlyForDeploymentPostprocessing = 0;
		};
		379ED5E221C9FEEA00122987 /* Frameworks */ = {
			isa = PBXFrameworksBuildPhase;
			buildActionMask = 2147483647;
			files = (
				4FEFA5C63A731A9F96912D43 /* Pods_AlamofireAndGlossUITests.framework in Frameworks */,
			);
			runOnlyForDeploymentPostprocessing = 0;
		};
/* End PBXFrameworksBuildPhase section */

/* Begin PBXGroup section */
		379ED5BD21C9FEE800122987 = {
			isa = PBXGroup;
			children = (
				379ED5C821C9FEE800122987 /* AlamofireAndGloss */,
				379ED5DD21C9FEEA00122987 /* AlamofireAndGlossTests */,
				379ED5E821C9FEEA00122987 /* AlamofireAndGlossUITests */,
				379ED5C721C9FEE800122987 /* Products */,
				5C37D8ADB11E88935EB8688A /* Pods */,
				82CCB1EB9AB330B37FFC983F /* Frameworks */,
			);
			sourceTree = "<group>";
		};
		379ED5C721C9FEE800122987 /* Products */ = {
			isa = PBXGroup;
			children = (
				379ED5C621C9FEE800122987 /* AlamofireAndGloss.app */,
				379ED5DA21C9FEEA00122987 /* AlamofireAndGlossTests.xctest */,
				379ED5E521C9FEEA00122987 /* AlamofireAndGlossUITests.xctest */,
			);
			name = Products;
			sourceTree = "<group>";
		};
		379ED5C821C9FEE800122987 /* AlamofireAndGloss */ = {
			isa = PBXGroup;
			children = (
				37FE419A21CCDE0C00962019 /* Views */,
				37FE419921CCDCC700962019 /* Network */,
				37FE419821CCDC8800962019 /* SupportFiles */,
				37FE419621CCDC3000962019 /* Controllers */,
				37FE419521CCDC1D00962019 /* Models */,
			);
			path = AlamofireAndGloss;
			sourceTree = "<group>";
		};
		379ED5DD21C9FEEA00122987 /* AlamofireAndGlossTests */ = {
			isa = PBXGroup;
			children = (
				379ED5DE21C9FEEA00122987 /* AlamofireAndGlossTests.swift */,
				379ED5E021C9FEEA00122987 /* Info.plist */,
			);
			path = AlamofireAndGlossTests;
			sourceTree = "<group>";
		};
		379ED5E821C9FEEA00122987 /* AlamofireAndGlossUITests */ = {
			isa = PBXGroup;
			children = (
				379ED5E921C9FEEA00122987 /* AlamofireAndGlossUITests.swift */,
				379ED5EB21C9FEEA00122987 /* Info.plist */,
			);
			path = AlamofireAndGlossUITests;
			sourceTree = "<group>";
		};
		37FE419521CCDC1D00962019 /* Models */ = {
			isa = PBXGroup;
			children = (
				379ED5F921CA036F00122987 /* Geolocation.swift */,
				379ED5F721CA034700122987 /* Company.swift */,
			);
			path = Models;
			sourceTree = "<group>";
		};
		37FE419621CCDC3000962019 /* Controllers */ = {
			isa = PBXGroup;
			children = (
				379ED5FD21CA0FD900122987 /* CompanyDetailVC.swift */,
				379ED5CB21C9FEE800122987 /*  MainVC.swift */,
				3748602021D0A8F400C922E7 /* ViewLogoVC.swift */,
				3748602221D0E78400C922E7 /* CompanyDataVC.swift */,
			);
			path = Controllers;
			sourceTree = "<group>";
		};
		37FE419821CCDC8800962019 /* SupportFiles */ = {
			isa = PBXGroup;
			children = (
				379ED5D521C9FEEA00122987 /* Info.plist */,
				379ED5C921C9FEE800122987 /* AppDelegate.swift */,
				379ED5CD21C9FEE800122987 /* Main.storyboard */,
				379ED5D021C9FEEA00122987 /* Assets.xcassets */,
				379ED5D221C9FEEA00122987 /* LaunchScreen.storyboard */,
			);
			path = SupportFiles;
			sourceTree = "<group>";
		};
		37FE419921CCDCC700962019 /* Network */ = {
			isa = PBXGroup;
			children = (
				379ED5FB21CA03C700122987 /* NetworkingService.swift */,
			);
			path = Network;
			sourceTree = "<group>";
		};
		37FE419A21CCDE0C00962019 /* Views */ = {
			isa = PBXGroup;
			children = (
				373E47FD21CB99AD00922343 /* HeaderTableViewCell.swift */,
				37FE419B21CCDE3E00962019 /* TableViewCell.swift */,
				3748602421D0F5BC00C922E7 /* BottonView.swift */,
			);
			path = Views;
			sourceTree = "<group>";
		};
		5C37D8ADB11E88935EB8688A /* Pods */ = {
			isa = PBXGroup;
			children = (
				93F7D16521DA449FA6ED93E6 /* Pods-AlamofireAndGloss.debug.xcconfig */,
				4342D04E4DEA5E0CB17FD8C0 /* Pods-AlamofireAndGloss.release.xcconfig */,
				DC67CCD7E47D50960271ADA4 /* Pods-AlamofireAndGlossTests.debug.xcconfig */,
				F89DFB5BCC59D20B50339CA0 /* Pods-AlamofireAndGlossTests.release.xcconfig */,
				E033EB337FCA0F7DBD8C1E72 /* Pods-AlamofireAndGlossUITests.debug.xcconfig */,
				D6F304EC6E061202DEAA84F1 /* Pods-AlamofireAndGlossUITests.release.xcconfig */,
			);
			name = Pods;
			sourceTree = "<group>";
		};
		82CCB1EB9AB330B37FFC983F /* Frameworks */ = {
			isa = PBXGroup;
			children = (
				1386A344624F40C391AE3A26 /* Pods_AlamofireAndGloss.framework */,
				A60178604255E8BA323FBB8F /* Pods_AlamofireAndGlossTests.framework */,
				6A13E1B36766E8595B760A55 /* Pods_AlamofireAndGlossUITests.framework */,
			);
			name = Frameworks;
			sourceTree = "<group>";
		};
/* End PBXGroup section */

/* Begin PBXNativeTarget section */
		379ED5C521C9FEE800122987 /* AlamofireAndGloss */ = {
			isa = PBXNativeTarget;
			buildConfigurationList = 379ED5EE21C9FEEA00122987 /* Build configuration list for PBXNativeTarget "AlamofireAndGloss" */;
			buildPhases = (
				71FFC328A9842C639E5F0F2B /* [CP] Check Pods Manifest.lock */,
				379ED5C221C9FEE800122987 /* Sources */,
				379ED5C321C9FEE800122987 /* Frameworks */,
				379ED5C421C9FEE800122987 /* Resources */,
				09E26042F45487B5F82396E2 /* [CP] Embed Pods Frameworks */,
			);
			buildRules = (
			);
			dependencies = (
			);
			name = AlamofireAndGloss;
			productName = AlamofireAndGloss;
			productReference = 379ED5C621C9FEE800122987 /* AlamofireAndGloss.app */;
			productType = "com.apple.product-type.application";
		};
		379ED5D921C9FEEA00122987 /* AlamofireAndGlossTests */ = {
			isa = PBXNativeTarget;
			buildConfigurationList = 379ED5F121C9FEEA00122987 /* Build configuration list for PBXNativeTarget "AlamofireAndGlossTests" */;
			buildPhases = (
				42C2DF6A8BD0E743D990551A /* [CP] Check Pods Manifest.lock */,
				379ED5D621C9FEEA00122987 /* Sources */,
				379ED5D721C9FEEA00122987 /* Frameworks */,
				379ED5D821C9FEEA00122987 /* Resources */,
			);
			buildRules = (
			);
			dependencies = (
				379ED5DC21C9FEEA00122987 /* PBXTargetDependency */,
			);
			name = AlamofireAndGlossTests;
			productName = AlamofireAndGlossTests;
			productReference = 379ED5DA21C9FEEA00122987 /* AlamofireAndGlossTests.xctest */;
			productType = "com.apple.product-type.bundle.unit-test";
		};
		379ED5E421C9FEEA00122987 /* AlamofireAndGlossUITests */ = {
			isa = PBXNativeTarget;
			buildConfigurationList = 379ED5F421C9FEEA00122987 /* Build configuration list for PBXNativeTarget "AlamofireAndGlossUITests" */;
			buildPhases = (
				2A910E92A1E6CD73CE72449E /* [CP] Check Pods Manifest.lock */,
				379ED5E121C9FEEA00122987 /* Sources */,
				379ED5E221C9FEEA00122987 /* Frameworks */,
				379ED5E321C9FEEA00122987 /* Resources */,
			);
			buildRules = (
			);
			dependencies = (
				379ED5E721C9FEEA00122987 /* PBXTargetDependency */,
			);
			name = AlamofireAndGlossUITests;
			productName = AlamofireAndGlossUITests;
			productReference = 379ED5E521C9FEEA00122987 /* AlamofireAndGlossUITests.xctest */;
			productType = "com.apple.product-type.bundle.ui-testing";
		};
/* End PBXNativeTarget section */

/* Begin PBXProject section */
		379ED5BE21C9FEE800122987 /* Project object */ = {
			isa = PBXProject;
			attributes = {
				LastSwiftUpdateCheck = 1010;
				LastUpgradeCheck = 1010;
				ORGANIZATIONNAME = SawPyaeHtun;
				TargetAttributes = {
					379ED5C521C9FEE800122987 = {
						CreatedOnToolsVersion = 10.1;
					};
					379ED5D921C9FEEA00122987 = {
						CreatedOnToolsVersion = 10.1;
						TestTargetID = 379ED5C521C9FEE800122987;
					};
					379ED5E421C9FEEA00122987 = {
						CreatedOnToolsVersion = 10.1;
						TestTargetID = 379ED5C521C9FEE800122987;
					};
				};
			};
			buildConfigurationList = 379ED5C121C9FEE800122987 /* Build configuration list for PBXProject "AlamofireAndGloss" */;
			compatibilityVersion = "Xcode 9.3";
			developmentRegion = en;
			hasScannedForEncodings = 0;
			knownRegions = (
				en,
				Base,
			);
			mainGroup = 379ED5BD21C9FEE800122987;
			productRefGroup = 379ED5C721C9FEE800122987 /* Products */;
			projectDirPath = "";
			projectRoot = "";
			targets = (
				379ED5C521C9FEE800122987 /* AlamofireAndGloss */,
				379ED5D921C9FEEA00122987 /* AlamofireAndGlossTests */,
				379ED5E421C9FEEA00122987 /* AlamofireAndGlossUITests */,
			);
		};
/* End PBXProject section */

/* Begin PBXResourcesBuildPhase section */
		379ED5C421C9FEE800122987 /* Resources */ = {
			isa = PBXResourcesBuildPhase;
			buildActionMask = 2147483647;
			files = (
				379ED5D421C9FEEA00122987 /* LaunchScreen.storyboard in Resources */,
				379ED5D121C9FEEA00122987 /* Assets.xcassets in Resources */,
				379ED5CF21C9FEE800122987 /* Main.storyboard in Resources */,
			);
			runOnlyForDeploymentPostprocessing = 0;
		};
		379ED5D821C9FEEA00122987 /* Resources */ = {
			isa = PBXResourcesBuildPhase;
			buildActionMask = 2147483647;
			files = (
			);
			runOnlyForDeploymentPostprocessing = 0;
		};
		379ED5E321C9FEEA00122987 /* Resources */ = {
			isa = PBXResourcesBuildPhase;
			buildActionMask = 2147483647;
			files = (
			);
			runOnlyForDeploymentPostprocessing = 0;
		};
/* End PBXResourcesBuildPhase section */

/* Begin PBXShellScriptBuildPhase section */
		09E26042F45487B5F82396E2 /* [CP] Embed Pods Frameworks */ = {
			isa = PBXShellScriptBuildPhase;
			buildActionMask = 2147483647;
			files = (
			);
			inputFileListPaths = (
			);
			inputPaths = (
				"${SRCROOT}/Pods/Target Support Files/Pods-AlamofireAndGloss/Pods-AlamofireAndGloss-frameworks.sh",
				"${BUILT_PRODUCTS_DIR}/Alamofire/Alamofire.framework",
				"${BUILT_PRODUCTS_DIR}/Gloss/Gloss.framework",
			);
			name = "[CP] Embed Pods Frameworks";
			outputFileListPaths = (
			);
			outputPaths = (
				"${TARGET_BUILD_DIR}/${FRAMEWORKS_FOLDER_PATH}/Alamofire.framework",
				"${TARGET_BUILD_DIR}/${FRAMEWORKS_FOLDER_PATH}/Gloss.framework",
			);
			runOnlyForDeploymentPostprocessing = 0;
			shellPath = /bin/sh;
			shellScript = "\"${SRCROOT}/Pods/Target Support Files/Pods-AlamofireAndGloss/Pods-AlamofireAndGloss-frameworks.sh\"\n";
			showEnvVarsInLog = 0;
		};
		2A910E92A1E6CD73CE72449E /* [CP] Check Pods Manifest.lock */ = {
			isa = PBXShellScriptBuildPhase;
			buildActionMask = 2147483647;
			files = (
			);
			inputFileListPaths = (
			);
			inputPaths = (
				"${PODS_PODFILE_DIR_PATH}/Podfile.lock",
				"${PODS_ROOT}/Manifest.lock",
			);
			name = "[CP] Check Pods Manifest.lock";
			outputFileListPaths = (
			);
			outputPaths = (
				"$(DERIVED_FILE_DIR)/Pods-AlamofireAndGlossUITests-checkManifestLockResult.txt",
			);
			runOnlyForDeploymentPostprocessing = 0;
			shellPath = /bin/sh;
			shellScript = "diff \"${PODS_PODFILE_DIR_PATH}/Podfile.lock\" \"${PODS_ROOT}/Manifest.lock\" > /dev/null\nif [ $? != 0 ] ; then\n    # print error to STDERR\n    echo \"error: The sandbox is not in sync with the Podfile.lock. Run 'pod install' or update your CocoaPods installation.\" >&2\n    exit 1\nfi\n# This output is used by Xcode 'outputs' to avoid re-running this script phase.\necho \"SUCCESS\" > \"${SCRIPT_OUTPUT_FILE_0}\"\n";
			showEnvVarsInLog = 0;
		};
		42C2DF6A8BD0E743D990551A /* [CP] Check Pods Manifest.lock */ = {
			isa = PBXShellScriptBuildPhase;
			buildActionMask = 2147483647;
			files = (
			);
			inputFileListPaths = (
			);
			inputPaths = (
				"${PODS_PODFILE_DIR_PATH}/Podfile.lock",
				"${PODS_ROOT}/Manifest.lock",
			);
			name = "[CP] Check Pods Manifest.lock";
			outputFileListPaths = (
			);
			outputPaths = (
				"$(DERIVED_FILE_DIR)/Pods-AlamofireAndGlossTests-checkManifestLockResult.txt",
			);
			runOnlyForDeploymentPostprocessing = 0;
			shellPath = /bin/sh;
			shellScript = "diff \"${PODS_PODFILE_DIR_PATH}/Podfile.lock\" \"${PODS_ROOT}/Manifest.lock\" > /dev/null\nif [ $? != 0 ] ; then\n    # print error to STDERR\n    echo \"error: The sandbox is not in sync with the Podfile.lock. Run 'pod install' or update your CocoaPods installation.\" >&2\n    exit 1\nfi\n# This output is used by Xcode 'outputs' to avoid re-running this script phase.\necho \"SUCCESS\" > \"${SCRIPT_OUTPUT_FILE_0}\"\n";
			showEnvVarsInLog = 0;
		};
		71FFC328A9842C639E5F0F2B /* [CP] Check Pods Manifest.lock */ = {
			isa = PBXShellScriptBuildPhase;
			buildActionMask = 2147483647;
			files = (
			);
			inputFileListPaths = (
			);
			inputPaths = (
				"${PODS_PODFILE_DIR_PATH}/Podfile.lock",
				"${PODS_ROOT}/Manifest.lock",
			);
			name = "[CP] Check Pods Manifest.lock";
			outputFileListPaths = (
			);
			outputPaths = (
				"$(DERIVED_FILE_DIR)/Pods-AlamofireAndGloss-checkManifestLockResult.txt",
			);
			runOnlyForDeploymentPostprocessing = 0;
			shellPath = /bin/sh;
			shellScript = "diff \"${PODS_PODFILE_DIR_PATH}/Podfile.lock\" \"${PODS_ROOT}/Manifest.lock\" > /dev/null\nif [ $? != 0 ] ; then\n    # print error to STDERR\n    echo \"error: The sandbox is not in sync with the Podfile.lock. Run 'pod install' or update your CocoaPods installation.\" >&2\n    exit 1\nfi\n# This output is used by Xcode 'outputs' to avoid re-running this script phase.\necho \"SUCCESS\" > \"${SCRIPT_OUTPUT_FILE_0}\"\n";
			showEnvVarsInLog = 0;
		};
/* End PBXShellScriptBuildPhase section */

/* Begin PBXSourcesBuildPhase section */
		379ED5C221C9FEE800122987 /* Sources */ = {
			isa = PBXSourcesBuildPhase;
			buildActionMask = 2147483647;
			files = (
				379ED5FC21CA03C700122987 /* NetworkingService.swift in Sources */,
				37FE419C21CCDE3E00962019 /* TableViewCell.swift in Sources */,
				379ED5FA21CA036F00122987 /* Geolocation.swift in Sources */,
				3748602121D0A8F400C922E7 /* ViewLogoVC.swift in Sources */,
				379ED5CC21C9FEE800122987 /*  MainVC.swift in Sources */,
				373E47FE21CB99AD00922343 /* HeaderTableViewCell.swift in Sources */,
				379ED5FE21CA0FD900122987 /* CompanyDetailVC.swift in Sources */,
				379ED5CA21C9FEE800122987 /* AppDelegate.swift in Sources */,
				3748602321D0E78400C922E7 /* CompanyDataVC.swift in Sources */,
				3748602521D0F5BC00C922E7 /* BottonView.swift in Sources */,
				379ED5F821CA034800122987 /* Company.swift in Sources */,
			);
			runOnlyForDeploymentPostprocessing = 0;
		};
		379ED5D621C9FEEA00122987 /* Sources */ = {
			isa = PBXSourcesBuildPhase;
			buildActionMask = 2147483647;
			files = (
				379ED5DF21C9FEEA00122987 /* AlamofireAndGlossTests.swift in Sources */,
			);
			runOnlyForDeploymentPostprocessing = 0;
		};
		379ED5E121C9FEEA00122987 /* Sources */ = {
			isa = PBXSourcesBuildPhase;
			buildActionMask = 2147483647;
			files = (
				379ED5EA21C9FEEA00122987 /* AlamofireAndGlossUITests.swift in Sources */,
			);
			runOnlyForDeploymentPostprocessing = 0;
		};
/* End PBXSourcesBuildPhase section */

/* Begin PBXTargetDependency section */
		379ED5DC21C9FEEA00122987 /* PBXTargetDependency */ = {
			isa = PBXTargetDependency;
			target = 379ED5C521C9FEE800122987 /* AlamofireAndGloss */;
			targetProxy = 379ED5DB21C9FEEA00122987 /* PBXContainerItemProxy */;
		};
		379ED5E721C9FEEA00122987 /* PBXTargetDependency */ = {
			isa = PBXTargetDependency;
			target = 379ED5C521C9FEE800122987 /* AlamofireAndGloss */;
			targetProxy = 379ED5E621C9FEEA00122987 /* PBXContainerItemProxy */;
		};
/* End PBXTargetDependency section */

/* Begin PBXVariantGroup section */
		379ED5CD21C9FEE800122987 /* Main.storyboard */ = {
			isa = PBXVariantGroup;
			children = (
				379ED5CE21C9FEE800122987 /* Base */,
			);
			name = Main.storyboard;
			sourceTree = "<group>";
		};
		379ED5D221C9FEEA00122987 /* LaunchScreen.storyboard */ = {
			isa = PBXVariantGroup;
			children = (
				379ED5D321C9FEEA00122987 /* Base */,
			);
			name = LaunchScreen.storyboard;
			sourceTree = "<group>";
		};
/* End PBXVariantGroup section */

/* Begin XCBuildConfiguration section */
		379ED5EC21C9FEEA00122987 /* Debug */ = {
			isa = XCBuildConfiguration;
			buildSettings = {
				ALWAYS_SEARCH_USER_PATHS = NO;
				CLANG_ANALYZER_NONNULL = YES;
				CLANG_ANALYZER_NUMBER_OBJECT_CONVERSION = YES_AGGRESSIVE;
				CLANG_CXX_LANGUAGE_STANDARD = "gnu++14";
				CLANG_CXX_LIBRARY = "libc++";
				CLANG_ENABLE_MODULES = YES;
				CLANG_ENABLE_OBJC_ARC = YES;
				CLANG_ENABLE_OBJC_WEAK = YES;
				CLANG_WARN_BLOCK_CAPTURE_AUTORELEASING = YES;
				CLANG_WARN_BOOL_CONVERSION = YES;
				CLANG_WARN_COMMA = YES;
				CLANG_WARN_CONSTANT_CONVERSION = YES;
				CLANG_WARN_DEPRECATED_OBJC_IMPLEMENTATIONS = YES;
				CLANG_WARN_DIRECT_OBJC_ISA_USAGE = YES_ERROR;
				CLANG_WARN_DOCUMENTATION_COMMENTS = YES;
				CLANG_WARN_EMPTY_BODY = YES;
				CLANG_WARN_ENUM_CONVERSION = YES;
				CLANG_WARN_INFINITE_RECURSION = YES;
				CLANG_WARN_INT_CONVERSION = YES;
				CLANG_WARN_NON_LITERAL_NULL_CONVERSION = YES;
				CLANG_WARN_OBJC_IMPLICIT_RETAIN_SELF = YES;
				CLANG_WARN_OBJC_LITERAL_CONVERSION = YES;
				CLANG_WARN_OBJC_ROOT_CLASS = YES_ERROR;
				CLANG_WARN_RANGE_LOOP_ANALYSIS = YES;
				CLANG_WARN_STRICT_PROTOTYPES = YES;
				CLANG_WARN_SUSPICIOUS_MOVE = YES;
				CLANG_WARN_UNGUARDED_AVAILABILITY = YES_AGGRESSIVE;
				CLANG_WARN_UNREACHABLE_CODE = YES;
				CLANG_WARN__DUPLICATE_METHOD_MATCH = YES;
				CODE_SIGN_IDENTITY = "iPhone Developer";
				COPY_PHASE_STRIP = NO;
				DEBUG_INFORMATION_FORMAT = dwarf;
				ENABLE_STRICT_OBJC_MSGSEND = YES;
				ENABLE_TESTABILITY = YES;
				GCC_C_LANGUAGE_STANDARD = gnu11;
				GCC_DYNAMIC_NO_PIC = NO;
				GCC_NO_COMMON_BLOCKS = YES;
				GCC_OPTIMIZATION_LEVEL = 0;
				GCC_PREPROCESSOR_DEFINITIONS = (
					"DEBUG=1",
					"$(inherited)",
				);
				GCC_WARN_64_TO_32_BIT_CONVERSION = YES;
				GCC_WARN_ABOUT_RETURN_TYPE = YES_ERROR;
				GCC_WARN_UNDECLARED_SELECTOR = YES;
				GCC_WARN_UNINITIALIZED_AUTOS = YES_AGGRESSIVE;
				GCC_WARN_UNUSED_FUNCTION = YES;
				GCC_WARN_UNUSED_VARIABLE = YES;
				IPHONEOS_DEPLOYMENT_TARGET = 12.1;
				MTL_ENABLE_DEBUG_INFO = INCLUDE_SOURCE;
				MTL_FAST_MATH = YES;
				ONLY_ACTIVE_ARCH = YES;
				SDKROOT = iphoneos;
				SWIFT_ACTIVE_COMPILATION_CONDITIONS = DEBUG;
				SWIFT_OPTIMIZATION_LEVEL = "-Onone";
			};
			name = Debug;
		};
		379ED5ED21C9FEEA00122987 /* Release */ = {
			isa = XCBuildConfiguration;
			buildSettings = {
				ALWAYS_SEARCH_USER_PATHS = NO;
				CLANG_ANALYZER_NONNULL = YES;
				CLANG_ANALYZER_NUMBER_OBJECT_CONVERSION = YES_AGGRESSIVE;
				CLANG_CXX_LANGUAGE_STANDARD = "gnu++14";
				CLANG_CXX_LIBRARY = "libc++";
				CLANG_ENABLE_MODULES = YES;
				CLANG_ENABLE_OBJC_ARC = YES;
				CLANG_ENABLE_OBJC_WEAK = YES;
				CLANG_WARN_BLOCK_CAPTURE_AUTORELEASING = YES;
				CLANG_WARN_BOOL_CONVERSION = YES;
				CLANG_WARN_COMMA = YES;
				CLANG_WARN_CONSTANT_CONVERSION = YES;
				CLANG_WARN_DEPRECATED_OBJC_IMPLEMENTATIONS = YES;
				CLANG_WARN_DIRECT_OBJC_ISA_USAGE = YES_ERROR;
				CLANG_WARN_DOCUMENTATION_COMMENTS = YES;
				CLANG_WARN_EMPTY_BODY = YES;
				CLANG_WARN_ENUM_CONVERSION = YES;
				CLANG_WARN_INFINITE_RECURSION = YES;
				CLANG_WARN_INT_CONVERSION = YES;
				CLANG_WARN_NON_LITERAL_NULL_CONVERSION = YES;
				CLANG_WARN_OBJC_IMPLICIT_RETAIN_SELF = YES;
				CLANG_WARN_OBJC_LITERAL_CONVERSION = YES;
				CLANG_WARN_OBJC_ROOT_CLASS = YES_ERROR;
				CLANG_WARN_RANGE_LOOP_ANALYSIS = YES;
				CLANG_WARN_STRICT_PROTOTYPES = YES;
				CLANG_WARN_SUSPICIOUS_MOVE = YES;
				CLANG_WARN_UNGUARDED_AVAILABILITY = YES_AGGRESSIVE;
				CLANG_WARN_UNREACHABLE_CODE = YES;
				CLANG_WARN__DUPLICATE_METHOD_MATCH = YES;
				CODE_SIGN_IDENTITY = "iPhone Developer";
				COPY_PHASE_STRIP = NO;
				DEBUG_INFORMATION_FORMAT = "dwarf-with-dsym";
				ENABLE_NS_ASSERTIONS = NO;
				ENABLE_STRICT_OBJC_MSGSEND = YES;
				GCC_C_LANGUAGE_STANDARD = gnu11;
				GCC_NO_COMMON_BLOCKS = YES;
				GCC_WARN_64_TO_32_BIT_CONVERSION = YES;
				GCC_WARN_ABOUT_RETURN_TYPE = YES_ERROR;
				GCC_WARN_UNDECLARED_SELECTOR = YES;
				GCC_WARN_UNINITIALIZED_AUTOS = YES_AGGRESSIVE;
				GCC_WARN_UNUSED_FUNCTION = YES;
				GCC_WARN_UNUSED_VARIABLE = YES;
				IPHONEOS_DEPLOYMENT_TARGET = 12.1;
				MTL_ENABLE_DEBUG_INFO = NO;
				MTL_FAST_MATH = YES;
				SDKROOT = iphoneos;
				SWIFT_COMPILATION_MODE = wholemodule;
				SWIFT_OPTIMIZATION_LEVEL = "-O";
				VALIDATE_PRODUCT = YES;
			};
			name = Release;
		};
		379ED5EF21C9FEEA00122987 /* Debug */ = {
			isa = XCBuildConfiguration;
			baseConfigurationReference = 93F7D16521DA449FA6ED93E6 /* Pods-AlamofireAndGloss.debug.xcconfig */;
			buildSettings = {
				ASSETCATALOG_COMPILER_APPICON_NAME = AppIcon;
				CODE_SIGN_STYLE = Automatic;
				INFOPLIST_FILE = AlamofireAndGloss/SupportFiles/Info.plist;
				LD_RUNPATH_SEARCH_PATHS = (
					"$(inherited)",
					"@executable_path/Frameworks",
				);
				PRODUCT_BUNDLE_IDENTIFIER = com.mySwift.AlamofireAndGloss;
				PRODUCT_NAME = "$(TARGET_NAME)";
				SWIFT_VERSION = 4.2;
				TARGETED_DEVICE_FAMILY = "1,2";
			};
			name = Debug;
		};
		379ED5F021C9FEEA00122987 /* Release */ = {
			isa = XCBuildConfiguration;
			baseConfigurationReference = 4342D04E4DEA5E0CB17FD8C0 /* Pods-AlamofireAndGloss.release.xcconfig */;
			buildSettings = {
				ASSETCATALOG_COMPILER_APPICON_NAME = AppIcon;
				CODE_SIGN_STYLE = Automatic;
				INFOPLIST_FILE = AlamofireAndGloss/SupportFiles/Info.plist;
				LD_RUNPATH_SEARCH_PATHS = (
					"$(inherited)",
					"@executable_path/Frameworks",
				);
				PRODUCT_BUNDLE_IDENTIFIER = com.mySwift.AlamofireAndGloss;
				PRODUCT_NAME = "$(TARGET_NAME)";
				SWIFT_VERSION = 4.2;
				TARGETED_DEVICE_FAMILY = "1,2";
			};
			name = Release;
		};
		379ED5F221C9FEEA00122987 /* Debug */ = {
			isa = XCBuildConfiguration;
			baseConfigurationReference = DC67CCD7E47D50960271ADA4 /* Pods-AlamofireAndGlossTests.debug.xcconfig */;
			buildSettings = {
				ALWAYS_EMBED_SWIFT_STANDARD_LIBRARIES = YES;
				BUNDLE_LOADER = "$(TEST_HOST)";
				CODE_SIGN_STYLE = Automatic;
				INFOPLIST_FILE = AlamofireAndGlossTests/Info.plist;
				LD_RUNPATH_SEARCH_PATHS = (
					"$(inherited)",
					"@executable_path/Frameworks",
					"@loader_path/Frameworks",
				);
				PRODUCT_BUNDLE_IDENTIFIER = com.mySwift.AlamofireAndGlossTests;
				PRODUCT_NAME = "$(TARGET_NAME)";
				SWIFT_VERSION = 4.2;
				TARGETED_DEVICE_FAMILY = "1,2";
				TEST_HOST = "$(BUILT_PRODUCTS_DIR)/AlamofireAndGloss.app/AlamofireAndGloss";
			};
			name = Debug;
		};
		379ED5F321C9FEEA00122987 /* Release */ = {
			isa = XCBuildConfiguration;
			baseConfigurationReference = F89DFB5BCC59D20B50339CA0 /* Pods-AlamofireAndGlossTests.release.xcconfig */;
			buildSettings = {
				ALWAYS_EMBED_SWIFT_STANDARD_LIBRARIES = YES;
				BUNDLE_LOADER = "$(TEST_HOST)";
				CODE_SIGN_STYLE = Automatic;
				INFOPLIST_FILE = AlamofireAndGlossTests/Info.plist;
				LD_RUNPATH_SEARCH_PATHS = (
					"$(inherited)",
					"@executable_path/Frameworks",
					"@loader_path/Frameworks",
				);
				PRODUCT_BUNDLE_IDENTIFIER = com.mySwift.AlamofireAndGlossTests;
				PRODUCT_NAME = "$(TARGET_NAME)";
				SWIFT_VERSION = 4.2;
				TARGETED_DEVICE_FAMILY = "1,2";
				TEST_HOST = "$(BUILT_PRODUCTS_DIR)/AlamofireAndGloss.app/AlamofireAndGloss";
			};
			name = Release;
		};
		379ED5F521C9FEEA00122987 /* Debug */ = {
			isa = XCBuildConfiguration;
			baseConfigurationReference = E033EB337FCA0F7DBD8C1E72 /* Pods-AlamofireAndGlossUITests.debug.xcconfig */;
			buildSettings = {
				ALWAYS_EMBED_SWIFT_STANDARD_LIBRARIES = YES;
				CODE_SIGN_STYLE = Automatic;
				INFOPLIST_FILE = AlamofireAndGlossUITests/Info.plist;
				LD_RUNPATH_SEARCH_PATHS = (
					"$(inherited)",
					"@executable_path/Frameworks",
					"@loader_path/Frameworks",
				);
				PRODUCT_BUNDLE_IDENTIFIER = com.mySwift.AlamofireAndGlossUITests;
				PRODUCT_NAME = "$(TARGET_NAME)";
				SWIFT_VERSION = 4.2;
				TARGETED_DEVICE_FAMILY = "1,2";
				TEST_TARGET_NAME = AlamofireAndGloss;
			};
			name = Debug;
		};
		379ED5F621C9FEEA00122987 /* Release */ = {
			isa = XCBuildConfiguration;
			baseConfigurationReference = D6F304EC6E061202DEAA84F1 /* Pods-AlamofireAndGlossUITests.release.xcconfig */;
			buildSettings = {
				ALWAYS_EMBED_SWIFT_STANDARD_LIBRARIES = YES;
				CODE_SIGN_STYLE = Automatic;
				INFOPLIST_FILE = AlamofireAndGlossUITests/Info.plist;
				LD_RUNPATH_SEARCH_PATHS = (
					"$(inherited)",
					"@executable_path/Frameworks",
					"@loader_path/Frameworks",
				);
				PRODUCT_BUNDLE_IDENTIFIER = com.mySwift.AlamofireAndGlossUITests;
				PRODUCT_NAME = "$(TARGET_NAME)";
				SWIFT_VERSION = 4.2;
				TARGETED_DEVICE_FAMILY = "1,2";
				TEST_TARGET_NAME = AlamofireAndGloss;
			};
			name = Release;
		};
/* End XCBuildConfiguration section */

/* Begin XCConfigurationList section */
		379ED5C121C9FEE800122987 /* Build configuration list for PBXProject "AlamofireAndGloss" */ = {
			isa = XCConfigurationList;
			buildConfigurations = (
				379ED5EC21C9FEEA00122987 /* Debug */,
				379ED5ED21C9FEEA00122987 /* Release */,
			);
			defaultConfigurationIsVisible = 0;
			defaultConfigurationName = Release;
		};
		379ED5EE21C9FEEA00122987 /* Build configuration list for PBXNativeTarget "AlamofireAndGloss" */ = {
			isa = XCConfigurationList;
			buildConfigurations = (
				379ED5EF21C9FEEA00122987 /* Debug */,
				379ED5F021C9FEEA00122987 /* Release */,
			);
			defaultConfigurationIsVisible = 0;
			defaultConfigurationName = Release;
		};
		379ED5F121C9FEEA00122987 /* Build configuration list for PBXNativeTarget "AlamofireAndGlossTests" */ = {
			isa = XCConfigurationList;
			buildConfigurations = (
				379ED5F221C9FEEA00122987 /* Debug */,
				379ED5F321C9FEEA00122987 /* Release */,
			);
			defaultConfigurationIsVisible = 0;
			defaultConfigurationName = Release;
		};
		379ED5F421C9FEEA00122987 /* Build configuration list for PBXNativeTarget "AlamofireAndGlossUITests" */ = {
			isa = XCConfigurationList;
			buildConfigurations = (
				379ED5F521C9FEEA00122987 /* Debug */,
				379ED5F621C9FEEA00122987 /* Release */,
			);
			defaultConfigurationIsVisible = 0;
			defaultConfigurationName = Release;
		};
/* End XCConfigurationList section */
	};
	rootObject = 379ED5BE21C9FEE800122987 /* Project object */;
}
